
Microsoft Visual Studio Solution File, Format Version 12.00
# Visual Studio Version 16
VisualStudioVersion = 16.0.31729.503
MinimumVisualStudioVersion = 10.0.40219.1
Project("{FAE04EC0-301F-11D3-BF4B-00C04F79EFBC}") = "cs_helloworld", "cs_helloworld\cs_helloworld.csproj", "{921054C2-4A00-4375-81EB-F54349C585DD}"
EndProject
Global
	GlobalSection(SolutionConfigurationPlatforms) = preSolution
		Debug|Any CPU = Debug|Any CPU
		Release|Any CPU = Release|Any CPU
	EndGlobalSection
	GlobalSection(ProjectConfigurationPlatforms) = postSolution
		{921054C2-4A00-4375-81EB-F54349C585DD}.Debug|Any CPU.ActiveCfg = Debug|Any CPU
		{921054C2-4A00-4375-81EB-F54349C585DD}.Debug|Any CPU.Build.0 = Debug|Any CPU
		{921054C2-4A00-4375-81EB-F54349C585DD}.Release|Any CPU.ActiveCfg = Release|Any CPU
		{921054C2-4A00-4375-81EB-F54349C585DD}.Release|Any CPU.Build.0 = Release|Any CPU
	EndGlobalSection
	GlobalSection(SolutionProperties) = preSolution
		HideSolutionNode = FALSE
	EndGlobalSection
	GlobalSection(ExtensibilityGlobals) = postSolution
		SolutionGuid = {8724F26F-7EED-4C95-9F00-3328B0213D15}
	EndGlobalSection
EndGlobal
