
Microsoft Visual Studio Solution File, Format Version 12.00
# Visual Studio Version 16
VisualStudioVersion = 16.0.31729.503
MinimumVisualStudioVersion = 10.0.40219.1
Project("{FAE04EC0-301F-11D3-BF4B-00C04F79EFBC}") = "cs_if_statement", "cs_if_statement\cs_if_statement.csproj", "{2E53A9ED-5E7D-435E-9F06-21CAFB52A045}"
EndProject
Global
	GlobalSection(SolutionConfigurationPlatforms) = preSolution
		Debug|Any CPU = Debug|Any CPU
		Release|Any CPU = Release|Any CPU
	EndGlobalSection
	GlobalSection(ProjectConfigurationPlatforms) = postSolution
		{2E53A9ED-5E7D-435E-9F06-21CAFB52A045}.Debug|Any CPU.ActiveCfg = Debug|Any CPU
		{2E53A9ED-5E7D-435E-9F06-21CAFB52A045}.Debug|Any CPU.Build.0 = Debug|Any CPU
		{2E53A9ED-5E7D-435E-9F06-21CAFB52A045}.Release|Any CPU.ActiveCfg = Release|Any CPU
		{2E53A9ED-5E7D-435E-9F06-21CAFB52A045}.Release|Any CPU.Build.0 = Release|Any CPU
	EndGlobalSection
	GlobalSection(SolutionProperties) = preSolution
		HideSolutionNode = FALSE
	EndGlobalSection
	GlobalSection(ExtensibilityGlobals) = postSolution
		SolutionGuid = {5DF20EA0-8A09-4D91-BD16-440B74D78F6A}
	EndGlobalSection
EndGlobal
