
Microsoft Visual Studio Solution File, Format Version 12.00
# Visual Studio Version 16
VisualStudioVersion = 16.0.31729.503
MinimumVisualStudioVersion = 10.0.40219.1
Project("{FAE04EC0-301F-11D3-BF4B-00C04F79EFBC}") = "cs_working_string", "cs_working_string\cs_working_string.csproj", "{9809E968-E037-4BB4-B31F-D599C8AA616B}"
EndProject
Global
	GlobalSection(SolutionConfigurationPlatforms) = preSolution
		Debug|Any CPU = Debug|Any CPU
		Release|Any CPU = Release|Any CPU
	EndGlobalSection
	GlobalSection(ProjectConfigurationPlatforms) = postSolution
		{9809E968-E037-4BB4-B31F-D599C8AA616B}.Debug|Any CPU.ActiveCfg = Debug|Any CPU
		{9809E968-E037-4BB4-B31F-D599C8AA616B}.Debug|Any CPU.Build.0 = Debug|Any CPU
		{9809E968-E037-4BB4-B31F-D599C8AA616B}.Release|Any CPU.ActiveCfg = Release|Any CPU
		{9809E968-E037-4BB4-B31F-D599C8AA616B}.Release|Any CPU.Build.0 = Release|Any CPU
	EndGlobalSection
	GlobalSection(SolutionProperties) = preSolution
		HideSolutionNode = FALSE
	EndGlobalSection
	GlobalSection(ExtensibilityGlobals) = postSolution
		SolutionGuid = {87777E45-3702-432A-99B3-0E3C3430A4E9}
	EndGlobalSection
EndGlobal
