
Microsoft Visual Studio Solution File, Format Version 12.00
# Visual Studio Version 16
VisualStudioVersion = 16.0.31729.503
MinimumVisualStudioVersion = 10.0.40219.1
Project("{FAE04EC0-301F-11D3-BF4B-00C04F79EFBC}") = "cs_user_input", "cs_user_input\cs_user_input.csproj", "{DE24CFFC-10F2-4702-AE5F-0267905C054B}"
EndProject
Global
	GlobalSection(SolutionConfigurationPlatforms) = preSolution
		Debug|Any CPU = Debug|Any CPU
		Release|Any CPU = Release|Any CPU
	EndGlobalSection
	GlobalSection(ProjectConfigurationPlatforms) = postSolution
		{DE24CFFC-10F2-4702-AE5F-0267905C054B}.Debug|Any CPU.ActiveCfg = Debug|Any CPU
		{DE24CFFC-10F2-4702-AE5F-0267905C054B}.Debug|Any CPU.Build.0 = Debug|Any CPU
		{DE24CFFC-10F2-4702-AE5F-0267905C054B}.Release|Any CPU.ActiveCfg = Release|Any CPU
		{DE24CFFC-10F2-4702-AE5F-0267905C054B}.Release|Any CPU.Build.0 = Release|Any CPU
	EndGlobalSection
	GlobalSection(SolutionProperties) = preSolution
		HideSolutionNode = FALSE
	EndGlobalSection
	GlobalSection(ExtensibilityGlobals) = postSolution
		SolutionGuid = {0DA2BB31-3713-47D4-8DB2-0B9DBB26AB3C}
	EndGlobalSection
EndGlobal
