
Microsoft Visual Studio Solution File, Format Version 12.00
# Visual Studio Version 16
VisualStudioVersion = 16.0.31729.503
MinimumVisualStudioVersion = 10.0.40219.1
Project("{FAE04EC0-301F-11D3-BF4B-00C04F79EFBC}") = "cs_data_types", "cs_data_types\cs_data_types.csproj", "{8253051C-733C-495B-AAE8-DE1F6618321E}"
EndProject
Global
	GlobalSection(SolutionConfigurationPlatforms) = preSolution
		Debug|Any CPU = Debug|Any CPU
		Release|Any CPU = Release|Any CPU
	EndGlobalSection
	GlobalSection(ProjectConfigurationPlatforms) = postSolution
		{8253051C-733C-495B-AAE8-DE1F6618321E}.Debug|Any CPU.ActiveCfg = Debug|Any CPU
		{8253051C-733C-495B-AAE8-DE1F6618321E}.Debug|Any CPU.Build.0 = Debug|Any CPU
		{8253051C-733C-495B-AAE8-DE1F6618321E}.Release|Any CPU.ActiveCfg = Release|Any CPU
		{8253051C-733C-495B-AAE8-DE1F6618321E}.Release|Any CPU.Build.0 = Release|Any CPU
	EndGlobalSection
	GlobalSection(SolutionProperties) = preSolution
		HideSolutionNode = FALSE
	EndGlobalSection
	GlobalSection(ExtensibilityGlobals) = postSolution
		SolutionGuid = {2A152D71-B625-42E1-ACD7-1E31677F1C69}
	EndGlobalSection
EndGlobal
